
Microsoft Visual Studio Solution File, Format Version 12.00
# Visual Studio 15
VisualStudioVersion = 15.0.28307.1500
MinimumVisualStudioVersion = 10.0.40219.1
Project("{9A19103F-16F7-4668-BE54-9A1E7A4F7556}") = "RestaurantProjectWebApi", "RestaurantProjectWebApi\RestaurantProjectWebApi.csproj", "{24B0B530-6862-470B-9CFE-6047910B9F1A}"
EndProject
Project("{FAE04EC0-301F-11D3-BF4B-00C04F79EFBC}") = "RestaurantDataAccess", "RestaurantDataAccess\RestaurantDataAccess.csproj", "{681AA22C-AB59-45B6-B978-1340FDDBF74E}"
EndProject
Global
	GlobalSection(SolutionConfigurationPlatforms) = preSolution
		Debug|Any CPU = Debug|Any CPU
		Release|Any CPU = Release|Any CPU
	EndGlobalSection
	GlobalSection(ProjectConfigurationPlatforms) = postSolution
		{24B0B530-6862-470B-9CFE-6047910B9F1A}.Debug|Any CPU.ActiveCfg = Debug|Any CPU
		{24B0B530-6862-470B-9CFE-6047910B9F1A}.Debug|Any CPU.Build.0 = Debug|Any CPU
		{24B0B530-6862-470B-9CFE-6047910B9F1A}.Release|Any CPU.ActiveCfg = Release|Any CPU
		{24B0B530-6862-470B-9CFE-6047910B9F1A}.Release|Any CPU.Build.0 = Release|Any CPU
		{681AA22C-AB59-45B6-B978-1340FDDBF74E}.Debug|Any CPU.ActiveCfg = Debug|Any CPU
		{681AA22C-AB59-45B6-B978-1340FDDBF74E}.Debug|Any CPU.Build.0 = Debug|Any CPU
		{681AA22C-AB59-45B6-B978-1340FDDBF74E}.Release|Any CPU.ActiveCfg = Release|Any CPU
		{681AA22C-AB59-45B6-B978-1340FDDBF74E}.Release|Any CPU.Build.0 = Release|Any CPU
	EndGlobalSection
	GlobalSection(SolutionProperties) = preSolution
		HideSolutionNode = FALSE
	EndGlobalSection
	GlobalSection(ExtensibilityGlobals) = postSolution
		SolutionGuid = {6852B5E6-7258-43AF-8E35-8C374683DC2F}
	EndGlobalSection
EndGlobal
